
Microsoft Visual Studio Solution File, Format Version 12.00
# Visual Studio 15
VisualStudioVersion = 15.0.28307.329
MinimumVisualStudioVersion = 10.0.40219.1
Project("{FAE04EC0-301F-11D3-BF4B-00C04F79EFBC}") = "DesafioWebApi", "DesafioWebApi\DesafioWebApi.csproj", "{38702716-FA84-4C0F-92A0-AB7075FA3431}"
EndProject
Global
	GlobalSection(SolutionConfigurationPlatforms) = preSolution
		Debug|Any CPU = Debug|Any CPU
		Release|Any CPU = Release|Any CPU
	EndGlobalSection
	GlobalSection(ProjectConfigurationPlatforms) = postSolution
		{38702716-FA84-4C0F-92A0-AB7075FA3431}.Debug|Any CPU.ActiveCfg = Debug|Any CPU
		{38702716-FA84-4C0F-92A0-AB7075FA3431}.Debug|Any CPU.Build.0 = Debug|Any CPU
		{38702716-FA84-4C0F-92A0-AB7075FA3431}.Release|Any CPU.ActiveCfg = Release|Any CPU
		{38702716-FA84-4C0F-92A0-AB7075FA3431}.Release|Any CPU.Build.0 = Release|Any CPU
	EndGlobalSection
	GlobalSection(SolutionProperties) = preSolution
		HideSolutionNode = FALSE
	EndGlobalSection
	GlobalSection(ExtensibilityGlobals) = postSolution
		SolutionGuid = {669E20ED-F13E-4D8A-9F2A-D0616F7E5762}
	EndGlobalSection
EndGlobal
